
Microsoft Visual Studio Solution File, Format Version 12.00
# Visual Studio Version 16
VisualStudioVersion = 16.0.31402.337
MinimumVisualStudioVersion = 10.0.40219.1
Project("{FAE04EC0-301F-11D3-BF4B-00C04F79EFBC}") = "Glasfy06Proyecto", "Glasfy06Proyecto\Glasfy06Proyecto.csproj", "{BEA70405-7A05-4988-92F6-1FDC51EEEE06}"
EndProject
Global
	GlobalSection(SolutionConfigurationPlatforms) = preSolution
		Debug|Any CPU = Debug|Any CPU
		Release|Any CPU = Release|Any CPU
	EndGlobalSection
	GlobalSection(ProjectConfigurationPlatforms) = postSolution
		{BEA70405-7A05-4988-92F6-1FDC51EEEE06}.Debug|Any CPU.ActiveCfg = Debug|Any CPU
		{BEA70405-7A05-4988-92F6-1FDC51EEEE06}.Debug|Any CPU.Build.0 = Debug|Any CPU
		{BEA70405-7A05-4988-92F6-1FDC51EEEE06}.Release|Any CPU.ActiveCfg = Release|Any CPU
		{BEA70405-7A05-4988-92F6-1FDC51EEEE06}.Release|Any CPU.Build.0 = Release|Any CPU
	EndGlobalSection
	GlobalSection(SolutionProperties) = preSolution
		HideSolutionNode = FALSE
	EndGlobalSection
	GlobalSection(ExtensibilityGlobals) = postSolution
		SolutionGuid = {ECA4835A-8098-470A-A584-9D2DA409A590}
	EndGlobalSection
EndGlobal
